
Microsoft Visual Studio Solution File, Format Version 12.00
# Visual Studio 14
VisualStudioVersion = 14.0.24720.0
MinimumVisualStudioVersion = 10.0.40219.1
Project("{FAE04EC0-301F-11D3-BF4B-00C04F79EFBC}") = "VoiceCommandPrototype", "VoiceCommandPrototype\VoiceCommandPrototype.csproj", "{311D3C70-62B3-40B0-9FCC-97E26D742246}"
EndProject
Global
	GlobalSection(SolutionConfigurationPlatforms) = preSolution
		Debug|ARM = Debug|ARM
		Debug|x64 = Debug|x64
		Debug|x86 = Debug|x86
		Release|ARM = Release|ARM
		Release|x64 = Release|x64
		Release|x86 = Release|x86
	EndGlobalSection
	GlobalSection(ProjectConfigurationPlatforms) = postSolution
		{311D3C70-62B3-40B0-9FCC-97E26D742246}.Debug|ARM.ActiveCfg = Debug|ARM
		{311D3C70-62B3-40B0-9FCC-97E26D742246}.Debug|ARM.Build.0 = Debug|ARM
		{311D3C70-62B3-40B0-9FCC-97E26D742246}.Debug|ARM.Deploy.0 = Debug|ARM
		{311D3C70-62B3-40B0-9FCC-97E26D742246}.Debug|x64.ActiveCfg = Debug|x64
		{311D3C70-62B3-40B0-9FCC-97E26D742246}.Debug|x64.Build.0 = Debug|x64
		{311D3C70-62B3-40B0-9FCC-97E26D742246}.Debug|x64.Deploy.0 = Debug|x64
		{311D3C70-62B3-40B0-9FCC-97E26D742246}.Debug|x86.ActiveCfg = Debug|x86
		{311D3C70-62B3-40B0-9FCC-97E26D742246}.Debug|x86.Build.0 = Debug|x86
		{311D3C70-62B3-40B0-9FCC-97E26D742246}.Debug|x86.Deploy.0 = Debug|x86
		{311D3C70-62B3-40B0-9FCC-97E26D742246}.Release|ARM.ActiveCfg = Release|ARM
		{311D3C70-62B3-40B0-9FCC-97E26D742246}.Release|ARM.Build.0 = Release|ARM
		{311D3C70-62B3-40B0-9FCC-97E26D742246}.Release|ARM.Deploy.0 = Release|ARM
		{311D3C70-62B3-40B0-9FCC-97E26D742246}.Release|x64.ActiveCfg = Release|x64
		{311D3C70-62B3-40B0-9FCC-97E26D742246}.Release|x64.Build.0 = Release|x64
		{311D3C70-62B3-40B0-9FCC-97E26D742246}.Release|x64.Deploy.0 = Release|x64
		{311D3C70-62B3-40B0-9FCC-97E26D742246}.Release|x86.ActiveCfg = Release|x86
		{311D3C70-62B3-40B0-9FCC-97E26D742246}.Release|x86.Build.0 = Release|x86
		{311D3C70-62B3-40B0-9FCC-97E26D742246}.Release|x86.Deploy.0 = Release|x86
	EndGlobalSection
	GlobalSection(SolutionProperties) = preSolution
		HideSolutionNode = FALSE
	EndGlobalSection
EndGlobal
